{
    "_readme": [
        "This file locks the dependencies of your project to a known state",
        "Read more about it at https://getcomposer.org/doc/01-basic-usage.md#installing-dependencies",
        "This file is @generated automatically"
    ],
    "content-hash": "94e0f6393e89ce2deabefcc58678cbf0",
    "packages": [
        {
            "name": "delight-im/auth",
            "version": "v8.1.0",
            "source": {
                "type": "git",
                "url": "https://github.com/delight-im/PHP-Auth.git",
                "reference": "4cd6360fc7edbbff72c9199b4f4ce3548b659232"
            },
            "dist": {
                "type": "zip",
                "url": "https://api.github.com/repos/delight-im/PHP-Auth/zipball/4cd6360fc7edbbff72c9199b4f4ce3548b659232",
                "reference": "4cd6360fc7edbbff72c9199b4f4ce3548b659232",
                "shasum": ""
            },
            "require": {
                "delight-im/base64": "^1.0",
                "delight-im/cookie": "^3.1",
                "delight-im/db": "^1.3",
                "ext-openssl": "*",
                "php": ">=5.6.0"
            },
            "type": "library",
            "autoload": {
                "psr-4": {
                    "Delight\\Auth\\": "src/"
                }
            },
            "notification-url": "https://packagist.org/downloads/",
            "license": [
                "MIT"
            ],
            "description": "Authentication for PHP. Simple, lightweight and secure.",
            "homepage": "https://github.com/delight-im/PHP-Auth",
            "keywords": [
                "Authentication",
                "auth",
                "login",
                "security"
            ],
            "time": "2018-08-28T21:51:30+00:00"
        },
        {
            "name": "delight-im/base64",
            "version": "v1.0.0",
            "source": {
                "type": "git",
                "url": "https://github.com/delight-im/PHP-Base64.git",
                "reference": "687b2a49f663e162030a8d27b32838bbe7f91c78"
            },
            "dist": {
                "type": "zip",
                "url": "https://api.github.com/repos/delight-im/PHP-Base64/zipball/687b2a49f663e162030a8d27b32838bbe7f91c78",
                "reference": "687b2a49f663e162030a8d27b32838bbe7f91c78",
                "shasum": ""
            },
            "require": {
                "php": ">=5.3.0"
            },
            "type": "library",
            "autoload": {
                "psr-4": {
                    "Delight\\Base64\\": "src/"
                }
            },
            "notification-url": "https://packagist.org/downloads/",
            "license": [
                "MIT"
            ],
            "description": "Simple and convenient Base64 encoding and decoding for PHP",
            "homepage": "https://github.com/delight-im/PHP-Base64",
            "keywords": [
                "URL-safe",
                "base-64",
                "base64",
                "decode",
                "decoding",
                "encode",
                "encoding",
                "url"
            ],
            "time": "2017-07-24T18:59:51+00:00"
        },
        {
            "name": "delight-im/cookie",
            "version": "v3.1.2",
            "source": {
                "type": "git",
                "url": "https://github.com/delight-im/PHP-Cookie.git",
                "reference": "b3ca3233dd1e1e91efb259b9b717a1c941d67ecc"
            },
            "dist": {
                "type": "zip",
                "url": "https://api.github.com/repos/delight-im/PHP-Cookie/zipball/b3ca3233dd1e1e91efb259b9b717a1c941d67ecc",
                "reference": "b3ca3233dd1e1e91efb259b9b717a1c941d67ecc",
                "shasum": ""
            },
            "require": {
                "delight-im/http": "^2.0",
                "php": ">=5.4.0"
            },
            "type": "library",
            "autoload": {
                "psr-4": {
                    "Delight\\Cookie\\": "src/"
                }
            },
            "notification-url": "https://packagist.org/downloads/",
            "license": [
                "MIT"
            ],
            "description": "Modern cookie management for PHP",
            "homepage": "https://github.com/delight-im/PHP-Cookie",
            "keywords": [
                "cookie",
                "cookies",
                "csrf",
                "http",
                "same-site",
                "samesite",
                "xss"
            ],
            "time": "2018-10-11T17:27:45+00:00"
        },
        {
            "name": "delight-im/db",
            "version": "v1.3.0",
            "source": {
                "type": "git",
                "url": "https://github.com/delight-im/PHP-DB.git",
                "reference": "7a03da20b5592fa445c10cd6c7245d51037292c4"
            },
            "dist": {
                "type": "zip",
                "url": "https://api.github.com/repos/delight-im/PHP-DB/zipball/7a03da20b5592fa445c10cd6c7245d51037292c4",
                "reference": "7a03da20b5592fa445c10cd6c7245d51037292c4",
                "shasum": ""
            },
            "require": {
                "ext-pdo": "*",
                "php": ">=5.6.0"
            },
            "type": "library",
            "autoload": {
                "psr-4": {
                    "Delight\\Db\\": "src/"
                }
            },
            "notification-url": "https://packagist.org/downloads/",
            "license": [
                "MIT"
            ],
            "description": "Safe and convenient SQL database access in a driver-agnostic way",
            "homepage": "https://github.com/delight-im/PHP-DB",
            "keywords": [
                "database",
                "mysql",
                "pdo",
                "pgsql",
                "postgresql",
                "sql",
                "sqlite"
            ],
            "time": "2018-08-28T18:23:01+00:00"
        },
        {
            "name": "delight-im/http",
            "version": "v2.0.0",
            "source": {
                "type": "git",
                "url": "https://github.com/delight-im/PHP-HTTP.git",
                "reference": "0a19a72a7eac8b1301aa972fb20cff494ac43e09"
            },
            "dist": {
                "type": "zip",
                "url": "https://api.github.com/repos/delight-im/PHP-HTTP/zipball/0a19a72a7eac8b1301aa972fb20cff494ac43e09",
                "reference": "0a19a72a7eac8b1301aa972fb20cff494ac43e09",
                "shasum": ""
            },
            "require": {
                "php": ">=5.3.0"
            },
            "type": "library",
            "autoload": {
                "psr-4": {
                    "Delight\\Http\\": "src/"
                }
            },
            "notification-url": "https://packagist.org/downloads/",
            "license": [
                "MIT"
            ],
            "description": "Hypertext Transfer Protocol (HTTP) utilities for PHP",
            "homepage": "https://github.com/delight-im/PHP-HTTP",
            "keywords": [
                "headers",
                "http",
                "https"
            ],
            "time": "2016-07-21T15:05:01+00:00"
        },
        {
            "name": "elevenpaths/latch-sdk-php",
            "version": "dev-master",
            "source": {
                "type": "git",
                "url": "https://github.com/sascocl/latch-sdk-php.git",
                "reference": "246e187d94970118bd0838747d640707c4171a60"
            },
            "dist": {
                "type": "zip",
                "url": "https://api.github.com/repos/sascocl/latch-sdk-php/zipball/246e187d94970118bd0838747d640707c4171a60",
                "reference": "246e187d94970118bd0838747d640707c4171a60",
                "shasum": ""
            },
            "require": {
                "php": ">=5.3.0"
            },
            "type": "library",
            "autoload": {
                "psr-4": {
                    "ElevenPaths\\Latch\\": "lib/"
                }
            },
            "notification-url": "https://packagist.org/downloads/",
            "license": [
                "LGPL-2.1+"
            ],
            "authors": [
                {
                    "name": "ElevenPaths",
                    "email": "elevenpaths@elevenpaths.com"
                }
            ],
            "description": "Latch SDK PHP",
            "keywords": [
                "api",
                "latch",
                "php",
                "security"
            ],
            "time": "2016-01-16T04:54:55+00:00"
        },
        {
            "name": "markbaker/complex",
            "version": "1.4.7",
            "source": {
                "type": "git",
                "url": "https://github.com/MarkBaker/PHPComplex.git",
                "reference": "1ea674a8308baf547cbcbd30c5fcd6d301b7c000"
            },
            "dist": {
                "type": "zip",
                "url": "https://api.github.com/repos/MarkBaker/PHPComplex/zipball/1ea674a8308baf547cbcbd30c5fcd6d301b7c000",
                "reference": "1ea674a8308baf547cbcbd30c5fcd6d301b7c000",
                "shasum": ""
            },
            "require": {
                "php": "^5.6.0|^7.0.0"
            },
            "require-dev": {
                "dealerdirect/phpcodesniffer-composer-installer": "^0.4.3",
                "phpcompatibility/php-compatibility": "^8.0",
                "phpdocumentor/phpdocumentor": "2.*",
                "phploc/phploc": "2.*",
                "phpmd/phpmd": "2.*",
                "phpunit/phpunit": "^4.8.35|^5.4.0",
                "sebastian/phpcpd": "2.*",
                "squizlabs/php_codesniffer": "^3.3.0"
            },
            "type": "library",
            "autoload": {
                "psr-4": {
                    "Complex\\": "classes/src/"
                },
                "files": [
                    "classes/src/functions/abs.php",
                    "classes/src/functions/acos.php",
                    "classes/src/functions/acosh.php",
                    "classes/src/functions/acot.php",
                    "classes/src/functions/acoth.php",
                    "classes/src/functions/acsc.php",
                    "classes/src/functions/acsch.php",
                    "classes/src/functions/argument.php",
                    "classes/src/functions/asec.php",
                    "classes/src/functions/asech.php",
                    "classes/src/functions/asin.php",
                    "classes/src/functions/asinh.php",
                    "classes/src/functions/atan.php",
                    "classes/src/functions/atanh.php",
                    "classes/src/functions/conjugate.php",
                    "classes/src/functions/cos.php",
                    "classes/src/functions/cosh.php",
                    "classes/src/functions/cot.php",
                    "classes/src/functions/coth.php",
                    "classes/src/functions/csc.php",
                    "classes/src/functions/csch.php",
                    "classes/src/functions/exp.php",
                    "classes/src/functions/inverse.php",
                    "classes/src/functions/ln.php",
                    "classes/src/functions/log2.php",
                    "classes/src/functions/log10.php",
                    "classes/src/functions/negative.php",
                    "classes/src/functions/pow.php",
                    "classes/src/functions/rho.php",
                    "classes/src/functions/sec.php",
                    "classes/src/functions/sech.php",
                    "classes/src/functions/sin.php",
                    "classes/src/functions/sinh.php",
                    "classes/src/functions/sqrt.php",
                    "classes/src/functions/tan.php",
                    "classes/src/functions/tanh.php",
                    "classes/src/functions/theta.php",
                    "classes/src/operations/add.php",
                    "classes/src/operations/subtract.php",
                    "classes/src/operations/multiply.php",
                    "classes/src/operations/divideby.php",
                    "classes/src/operations/divideinto.php"
                ]
            },
            "notification-url": "https://packagist.org/downloads/",
            "license": [
                "MIT"
            ],
            "authors": [
                {
                    "name": "Mark Baker",
                    "email": "mark@lange.demon.co.uk"
                }
            ],
            "description": "PHP Class for working with complex numbers",
            "homepage": "https://github.com/MarkBaker/PHPComplex",
            "keywords": [
                "complex",
                "mathematics"
            ],
            "time": "2018-10-13T23:28:42+00:00"
        },
        {
            "name": "markbaker/matrix",
            "version": "1.2.0",
            "source": {
                "type": "git",
                "url": "https://github.com/MarkBaker/PHPMatrix.git",
                "reference": "5348c5a67e3b75cd209d70103f916a93b1f1ed21"
            },
            "dist": {
                "type": "zip",
                "url": "https://api.github.com/repos/MarkBaker/PHPMatrix/zipball/5348c5a67e3b75cd209d70103f916a93b1f1ed21",
                "reference": "5348c5a67e3b75cd209d70103f916a93b1f1ed21",
                "shasum": ""
            },
            "require": {
                "php": "^5.6.0|^7.0.0"
            },
            "require-dev": {
                "dealerdirect/phpcodesniffer-composer-installer": "dev-master",
                "phpcompatibility/php-compatibility": "dev-master",
                "phploc/phploc": "^4",
                "phpmd/phpmd": "dev-master",
                "phpunit/phpunit": "^5.7",
                "sebastian/phpcpd": "^3.0",
                "squizlabs/php_codesniffer": "^3.0@dev"
            },
            "type": "library",
            "autoload": {
                "psr-4": {
                    "Matrix\\": "classes/src/"
                },
                "files": [
                    "classes/src/functions/adjoint.php",
                    "classes/src/functions/antidiagonal.php",
                    "classes/src/functions/cofactors.php",
                    "classes/src/functions/determinant.php",
                    "classes/src/functions/diagonal.php",
                    "classes/src/functions/identity.php",
                    "classes/src/functions/inverse.php",
                    "classes/src/functions/minors.php",
                    "classes/src/functions/trace.php",
                    "classes/src/functions/transpose.php",
                    "classes/src/operations/add.php",
                    "classes/src/operations/directsum.php",
                    "classes/src/operations/subtract.php",
                    "classes/src/operations/multiply.php",
                    "classes/src/operations/divideby.php",
                    "classes/src/operations/divideinto.php"
                ]
            },
            "notification-url": "https://packagist.org/downloads/",
            "license": [
                "MIT"
            ],
            "authors": [
                {
                    "name": "Mark Baker",
                    "email": "mark@lange.demon.co.uk"
                }
            ],
            "description": "PHP Class for working with matrices",
            "homepage": "https://github.com/MarkBaker/PHPMatrix",
            "keywords": [
                "mathematics",
                "matrix",
                "vector"
            ],
            "time": "2019-10-06T11:29:25+00:00"
        },
        {
            "name": "nette/application",
            "version": "v2.4.13",
            "source": {
                "type": "git",
                "url": "https://github.com/nette/application.git",
                "reference": "023acd964383de11fbc32cae8f4dfd8043643a0f"
            },
            "dist": {
                "type": "zip",
                "url": "https://api.github.com/repos/nette/application/zipball/023acd964383de11fbc32cae8f4dfd8043643a0f",
                "reference": "023acd964383de11fbc32cae8f4dfd8043643a0f",
                "shasum": ""
            },
            "require": {
                "nette/component-model": "^2.3",
                "nette/http": "^2.2",
                "nette/reflection": "^2.2",
                "nette/utils": "^2.4 || ~3.0.0",
                "php": ">=5.6.0"
            },
            "conflict": {
                "nette/di": "<2.4",
                "nette/forms": "<2.4",
                "nette/latte": "<2.4",
                "nette/nette": "<2.2"
            },
            "require-dev": {
                "latte/latte": "^2.4.3",
                "mockery/mockery": "^0.9.5",
                "nette/di": "^2.4",
                "nette/forms": "^2.4",
                "nette/robot-loader": "^2.4.2 || ^3.0",
                "nette/security": "^2.4",
                "nette/tester": "^2.0",
                "tracy/tracy": "^2.4"
            },
            "suggest": {
                "latte/latte": "Allows using Latte in templates",
                "nette/forms": "Allows to use Nette\\Application\\UI\\Form"
            },
            "type": "library",
            "extra": {
                "branch-alias": {
                    "dev-master": "2.4-dev"
                }
            },
            "autoload": {
                "classmap": [
                    "src/"
                ],
                "files": [
                    "src/compatibility.php"
                ]
            },
            "notification-url": "https://packagist.org/downloads/",
            "license": [
                "BSD-3-Clause",
                "GPL-2.0",
                "GPL-3.0"
            ],
            "authors": [
                {
                    "name": "David Grudl",
                    "homepage": "https://davidgrudl.com"
                },
                {
                    "name": "Nette Community",
                    "homepage": "https://nette.org/contributors"
                }
            ],
            "description": "? Nette Application: a full-stack component-based MVC kernel for PHP that helps you write powerful and modern web applications. Write less, have cleaner code and your work will bring you joy.",
            "homepage": "https://nette.org",
            "keywords": [
                "Forms",
                "component-based",
                "control",
                "framework",
                "mvc",
                "mvp",
                "nette",
                "presenter",
                "routing",
                "seo"
            ],
            "time": "2018-11-23T22:28:11+00:00"
        },
        {
            "name": "nette/caching",
            "version": "v2.5.8",
            "source": {
                "type": "git",
                "url": "https://github.com/nette/caching.git",
                "reference": "7fba7c7ab2585fafb7b31152f2595e1551120555"
            },
            "dist": {
                "type": "zip",
                "url": "https://api.github.com/repos/nette/caching/zipball/7fba7c7ab2585fafb7b31152f2595e1551120555",
                "reference": "7fba7c7ab2585fafb7b31152f2595e1551120555",
                "shasum": ""
            },
            "require": {
                "nette/finder": "^2.2 || ~3.0.0",
                "nette/utils": "^2.4 || ~3.0.0",
                "php": ">=5.6.0"
            },
            "conflict": {
                "nette/nette": "<2.2"
            },
            "require-dev": {
                "latte/latte": "^2.4",
                "nette/di": "^2.4 || ~3.0.0",
                "nette/tester": "^2.0",
                "tracy/tracy": "^2.4"
            },
            "suggest": {
                "ext-pdo_sqlite": "to use SQLiteStorage or SQLiteJournal"
            },
            "type": "library",
            "extra": {
                "branch-alias": {
                    "dev-master": "2.5-dev"
                }
            },
            "autoload": {
                "classmap": [
                    "src/"
                ]
            },
            "notification-url": "https://packagist.org/downloads/",
            "license": [
                "BSD-3-Clause",
                "GPL-2.0",
                "GPL-3.0"
            ],
            "authors": [
                {
                    "name": "David Grudl",
                    "homepage": "https://davidgrudl.com"
                },
                {
                    "name": "Nette Community",
                    "homepage": "https://nette.org/contributors"
                }
            ],
            "description": "⏱ Nette Caching: library with easy-to-use API and many cache backends.",
            "homepage": "https://nette.org",
            "keywords": [
                "cache",
                "journal",
                "memcached",
                "nette",
                "sqlite"
            ],
            "time": "2018-03-21T11:04:32+00:00"
        },
        {
            "name": "nette/component-model",
            "version": "v2.4.0",
            "source": {
                "type": "git",
                "url": "https://github.com/nette/component-model.git",
                "reference": "6e7980f5ddec31f68a39e767799b1b0be9dd1014"
            },
            "dist": {
                "type": "zip",
                "url": "https://api.github.com/repos/nette/component-model/zipball/6e7980f5ddec31f68a39e767799b1b0be9dd1014",
                "reference": "6e7980f5ddec31f68a39e767799b1b0be9dd1014",
                "shasum": ""
            },
            "require": {
                "nette/utils": "^2.5 || ~3.0.0",
                "php": ">=5.6.0"
            },
            "conflict": {
                "nette/application": "<2.4",
                "nette/nette": "<2.2"
            },
            "require-dev": {
                "nette/tester": "^2.0",
                "tracy/tracy": "^2.3"
            },
            "type": "library",
            "extra": {
                "branch-alias": {
                    "dev-master": "2.4-dev"
                }
            },
            "autoload": {
                "classmap": [
                    "src/"
                ]
            },
            "notification-url": "https://packagist.org/downloads/",
            "license": [
                "BSD-3-Clause",
                "GPL-2.0",
                "GPL-3.0"
            ],
            "authors": [
                {
                    "name": "David Grudl",
                    "homepage": "https://davidgrudl.com"
                },
                {
                    "name": "Nette Community",
                    "homepage": "https://nette.org/contributors"
                }
            ],
            "description": "⚛ Nette Component Model",
            "homepage": "https://nette.org",
            "keywords": [
                "components",
                "nette"
            ],
            "time": "2018-03-20T16:32:50+00:00"
        },
        {
            "name": "nette/finder",
            "version": "v2.4.2",
            "source": {
                "type": "git",
                "url": "https://github.com/nette/finder.git",
                "reference": "ee951a656cb8ac622e5dd33474a01fd2470505a0"
            },
            "dist": {
                "type": "zip",
                "url": "https://api.github.com/repos/nette/finder/zipball/ee951a656cb8ac622e5dd33474a01fd2470505a0",
                "reference": "ee951a656cb8ac622e5dd33474a01fd2470505a0",
                "shasum": ""
            },
            "require": {
                "nette/utils": "~2.4",
                "php": ">=5.6.0"
            },
            "conflict": {
                "nette/nette": "<2.2"
            },
            "require-dev": {
                "nette/tester": "~2.0",
                "tracy/tracy": "^2.3"
            },
            "type": "library",
            "extra": {
                "branch-alias": {
                    "dev-master": "2.4-dev"
                }
            },
            "autoload": {
                "classmap": [
                    "src/"
                ]
            },
            "notification-url": "https://packagist.org/downloads/",
            "license": [
                "BSD-3-Clause",
                "GPL-2.0",
                "GPL-3.0"
            ],
            "authors": [
                {
                    "name": "David Grudl",
                    "homepage": "https://davidgrudl.com"
                },
                {
                    "name": "Nette Community",
                    "homepage": "https://nette.org/contributors"
                }
            ],
            "description": "? Nette Finder: find files and directories with an intuitive API.",
            "homepage": "https://nette.org",
            "keywords": [
                "filesystem",
                "glob",
                "iterator",
                "nette"
            ],
            "time": "2018-06-28T11:49:23+00:00"
        },
        {
            "name": "nette/http",
            "version": "v2.4.11",
            "source": {
                "type": "git",
                "url": "https://github.com/nette/http.git",
                "reference": "3d75d11a880fe223bfa6bc7ca9822bdfe789e5a6"
            },
            "dist": {
                "type": "zip",
                "url": "https://api.github.com/repos/nette/http/zipball/3d75d11a880fe223bfa6bc7ca9822bdfe789e5a6",
                "reference": "3d75d11a880fe223bfa6bc7ca9822bdfe789e5a6",
                "shasum": ""
            },
            "require": {
                "nette/utils": "^2.4 || ~3.0.0",
                "php": ">=5.6.0"
            },
            "conflict": {
                "nette/nette": "<2.2"
            },
            "require-dev": {
                "nette/di": "^2.4.8 || ~3.0.0",
                "nette/tester": "^2.0",
                "tracy/tracy": "^2.4"
            },
            "suggest": {
                "ext-fileinfo": "to detect type of uploaded files",
                "nette/security": "allows use Nette\\Http\\UserStorage"
            },
            "type": "library",
            "extra": {
                "branch-alias": {
                    "dev-master": "2.4-dev"
                }
            },
            "autoload": {
                "classmap": [
                    "src/"
                ]
            },
            "notification-url": "https://packagist.org/downloads/",
            "license": [
                "BSD-3-Clause",
                "GPL-2.0",
                "GPL-3.0"
            ],
            "authors": [
                {
                    "name": "David Grudl",
                    "homepage": "https://davidgrudl.com"
                },
                {
                    "name": "Nette Community",
                    "homepage": "https://nette.org/contributors"
                }
            ],
            "description": "? Nette Http: abstraction for HTTP request, response and session. Provides careful data sanitization and utility for URL and cookies manipulation.",
            "homepage": "https://nette.org",
            "keywords": [
                "cookies",
                "http",
                "nette",
                "proxy",
                "request",
                "response",
                "security",
                "session",
                "url"
            ],
            "time": "2019-03-13T19:04:45+00:00"
        },
        {
            "name": "nette/reflection",
            "version": "v2.4.2",
            "source": {
                "type": "git",
                "url": "https://github.com/nette/reflection.git",
                "reference": "b12327e98ead74e87a1315e0d48182a702adf901"
            },
            "dist": {
                "type": "zip",
                "url": "https://api.github.com/repos/nette/reflection/zipball/b12327e98ead74e87a1315e0d48182a702adf901",
                "reference": "b12327e98ead74e87a1315e0d48182a702adf901",
                "shasum": ""
            },
            "require": {
                "ext-tokenizer": "*",
                "nette/caching": "^2.2 || ^3.0",
                "nette/utils": "^2.4 || ^3.0",
                "php": ">=5.6.0"
            },
            "conflict": {
                "nette/nette": "<2.2"
            },
            "require-dev": {
                "nette/di": "^2.4 || ^3.0",
                "nette/tester": "^2.0",
                "tracy/tracy": "^2.4"
            },
            "type": "library",
            "extra": {
                "branch-alias": {
                    "dev-master": "2.4-dev"
                }
            },
            "autoload": {
                "classmap": [
                    "src/"
                ]
            },
            "notification-url": "https://packagist.org/downloads/",
            "license": [
                "BSD-3-Clause",
                "GPL-2.0",
                "GPL-3.0"
            ],
            "authors": [
                {
                    "name": "David Grudl",
                    "homepage": "https://davidgrudl.com"
                },
                {
                    "name": "Nette Community",
                    "homepage": "https://nette.org/contributors"
                }
            ],
            "description": "Nette Reflection: docblock annotations parser and common reflection classes",
            "homepage": "https://nette.org",
            "keywords": [
                "annotation",
                "nette",
                "reflection"
            ],
            "abandoned": true,
            "time": "2017-07-11T19:28:57+00:00"
        },
        {
            "name": "nette/utils",
            "version": "v2.5.3",
            "source": {
                "type": "git",
                "url": "https://github.com/nette/utils.git",
                "reference": "17b9f76f2abd0c943adfb556e56f2165460b15ce"
            },
            "dist": {
                "type": "zip",
                "url": "https://api.github.com/repos/nette/utils/zipball/17b9f76f2abd0c943adfb556e56f2165460b15ce",
                "reference": "17b9f76f2abd0c943adfb556e56f2165460b15ce",
                "shasum": ""
            },
            "require": {
                "php": ">=5.6.0"
            },
            "conflict": {
                "nette/nette": "<2.2"
            },
            "require-dev": {
                "nette/tester": "~2.0",
                "tracy/tracy": "^2.3"
            },
            "suggest": {
                "ext-gd": "to use Image",
                "ext-iconv": "to use Strings::webalize() and toAscii()",
                "ext-intl": "for script transliteration in Strings::webalize() and toAscii()",
                "ext-json": "to use Nette\\Utils\\Json",
                "ext-mbstring": "to use Strings::lower() etc...",
                "ext-xml": "to use Strings::length() etc. when mbstring is not available"
            },
            "type": "library",
            "extra": {
                "branch-alias": {
                    "dev-master": "2.5-dev"
                }
            },
            "autoload": {
                "classmap": [
                    "src/"
                ],
                "files": [
                    "src/loader.php"
                ]
            },
            "notification-url": "https://packagist.org/downloads/",
            "license": [
                "BSD-3-Clause",
                "GPL-2.0",
                "GPL-3.0"
            ],
            "authors": [
                {
                    "name": "David Grudl",
                    "homepage": "https://davidgrudl.com"
                },
                {
                    "name": "Nette Community",
                    "homepage": "https://nette.org/contributors"
                }
            ],
            "description": "? Nette Utils: lightweight utilities for string & array manipulation, image handling, safe JSON encoding/decoding, validation, slug or strong password generating etc.",
            "homepage": "https://nette.org",
            "keywords": [
                "array",
                "core",
                "datetime",
                "images",
                "json",
                "nette",
                "paginator",
                "password",
                "slugify",
                "string",
                "unicode",
                "utf-8",
                "utility",
                "validation"
            ],
            "time": "2018-09-18T10:22:16+00:00"
        },
        {
            "name": "occ2/progress-bar",
            "version": "1.0.2",
            "source": {
                "type": "git",
                "url": "https://github.com/occ2/progress-bar.git",
                "reference": "9d32ebbfd977b3541b89a2b12838a4f08e393291"
            },
            "dist": {
                "type": "zip",
                "url": "https://api.github.com/repos/occ2/progress-bar/zipball/9d32ebbfd977b3541b89a2b12838a4f08e393291",
                "reference": "9d32ebbfd977b3541b89a2b12838a4f08e393291",
                "shasum": ""
            },
            "require": {
                "nette/application": "^2.4",
                "php": ">=5.6"
            },
            "type": "library",
            "autoload": {
                "psr-4": {
                    "OCC2\\ProgressBar\\": "src/"
                },
                "classmap": [
                    "src/ProgressBar.php"
                ]
            },
            "notification-url": "https://packagist.org/downloads/",
            "license": [
                "MIT"
            ],
            "authors": [
                {
                    "name": "Milan Onderka",
                    "email": "milan_onderka@occ2.cz",
                    "homepage": "http://occ2.cz",
                    "role": "Developer"
                }
            ],
            "description": "Simple progress bar control for Nette Framework. Based on Twitter Bootstrap 3",
            "homepage": "https://github.com/OCC2/ProgressBar",
            "time": "2017-10-05T12:47:17+00:00"
        },
        {
            "name": "phpoffice/phpspreadsheet",
            "version": "1.8.0",
            "source": {
                "type": "git",
                "url": "https://github.com/PHPOffice/PhpSpreadsheet.git",
                "reference": "0e6238c69e863b58aeece61e48ea032696c6dccd"
            },
            "dist": {
                "type": "zip",
                "url": "https://api.github.com/repos/PHPOffice/PhpSpreadsheet/zipball/0e6238c69e863b58aeece61e48ea032696c6dccd",
                "reference": "0e6238c69e863b58aeece61e48ea032696c6dccd",
                "shasum": ""
            },
            "require": {
                "ext-ctype": "*",
                "ext-dom": "*",
                "ext-fileinfo": "*",
                "ext-gd": "*",
                "ext-iconv": "*",
                "ext-libxml": "*",
                "ext-mbstring": "*",
                "ext-simplexml": "*",
                "ext-xml": "*",
                "ext-xmlreader": "*",
                "ext-xmlwriter": "*",
                "ext-zip": "*",
                "ext-zlib": "*",
                "markbaker/complex": "^1.4",
                "markbaker/matrix": "^1.1",
                "php": "^5.6|^7.0",
                "psr/simple-cache": "^1.0"
            },
            "require-dev": {
                "doctrine/instantiator": "^1.0.0",
                "dompdf/dompdf": "^0.8.0",
                "friendsofphp/php-cs-fixer": "@stable",
                "jpgraph/jpgraph": "^4.0",
                "mpdf/mpdf": "^7.0.0",
                "phpcompatibility/php-compatibility": "^8.0",
                "phpunit/phpunit": "^5.7",
                "squizlabs/php_codesniffer": "^3.3",
                "tecnickcom/tcpdf": "^6.2"
            },
            "suggest": {
                "dompdf/dompdf": "Option for rendering PDF with PDF Writer",
                "jpgraph/jpgraph": "Option for rendering charts, or including charts with PDF or HTML Writers",
                "mpdf/mpdf": "Option for rendering PDF with PDF Writer",
                "tecnickcom/tcpdf": "Option for rendering PDF with PDF Writer"
            },
            "type": "library",
            "autoload": {
                "psr-4": {
                    "PhpOffice\\PhpSpreadsheet\\": "src/PhpSpreadsheet"
                }
            },
            "notification-url": "https://packagist.org/downloads/",
            "license": [
                "LGPL-2.1-or-later"
            ],
            "authors": [
                {
                    "name": "Erik Tilt"
                },
                {
                    "name": "Adrien Crivelli"
                },
                {
                    "name": "Maarten Balliauw",
                    "homepage": "https://blog.maartenballiauw.be"
                },
                {
                    "name": "Mark Baker",
                    "homepage": "https://markbakeruk.net"
                },
                {
                    "name": "Franck Lefevre",
                    "homepage": "https://rootslabs.net"
                }
            ],
            "description": "PHPSpreadsheet - Read, Create and Write Spreadsheet documents in PHP - Spreadsheet engine",
            "homepage": "https://github.com/PHPOffice/PhpSpreadsheet",
            "keywords": [
                "OpenXML",
                "excel",
                "gnumeric",
                "ods",
                "php",
                "spreadsheet",
                "xls",
                "xlsx"
            ],
            "time": "2019-06-30T22:55:25+00:00"
        },
        {
            "name": "psr/simple-cache",
            "version": "1.0.1",
            "source": {
                "type": "git",
                "url": "https://github.com/php-fig/simple-cache.git",
                "reference": "408d5eafb83c57f6365a3ca330ff23aa4a5fa39b"
            },
            "dist": {
                "type": "zip",
                "url": "https://api.github.com/repos/php-fig/simple-cache/zipball/408d5eafb83c57f6365a3ca330ff23aa4a5fa39b",
                "reference": "408d5eafb83c57f6365a3ca330ff23aa4a5fa39b",
                "shasum": ""
            },
            "require": {
                "php": ">=5.3.0"
            },
            "type": "library",
            "extra": {
                "branch-alias": {
                    "dev-master": "1.0.x-dev"
                }
            },
            "autoload": {
                "psr-4": {
                    "Psr\\SimpleCache\\": "src/"
                }
            },
            "notification-url": "https://packagist.org/downloads/",
            "license": [
                "MIT"
            ],
            "authors": [
                {
                    "name": "PHP-FIG",
                    "homepage": "http://www.php-fig.org/"
                }
            ],
            "description": "Common interfaces for simple caching",
            "keywords": [
                "cache",
                "caching",
                "psr",
                "psr-16",
                "simple-cache"
            ],
            "time": "2017-10-23T01:57:42+00:00"
        }
    ],
    "packages-dev": [],
    "aliases": [],
    "minimum-stability": "stable",
    "stability-flags": {
        "elevenpaths/latch-sdk-php": 20
    },
    "prefer-stable": false,
    "prefer-lowest": false,
    "platform": [],
    "platform-dev": []
}
