{
  "requires": true,
  "lockfileVersion": 1,
  "dependencies": {
    "nes.css": {
      "version": "2.1.0",
      "resolved": "https://registry.npmjs.org/nes.css/-/nes.css-2.1.0.tgz",
      "integrity": "sha512-wT4SSxjGkbU0adPo4Oo0dkD2UGv6fOe7mCK1O3E3eTD/8tDUpJsccnqaeZ+3PR+nQtU9/j03R+ztMNYGMeysDw=="
    }
  }
}
